
Microsoft Visual Studio Solution File, Format Version 12.00
# Visual Studio Version 17
VisualStudioVersion = 17.0.31808.319
MinimumVisualStudioVersion = 10.0.40219.1
Project("{9A19103F-16F7-4668-BE54-9A1E7A4F7556}") = "IntercallMonitor", "IntercallMonitor\IntercallMonitor.csproj", "{9431AA49-B488-4ACF-9FED-F84DA6B6A0CB}"
EndProject
Project("{9A19103F-16F7-4668-BE54-9A1E7A4F7556}") = "Listener", "Listener\Listener.csproj", "{3825985E-1E20-4BBE-B5A2-E1D26731F55C}"
EndProject
Global
	GlobalSection(SolutionConfigurationPlatforms) = preSolution
		Debug|Any CPU = Debug|Any CPU
		Release|Any CPU = Release|Any CPU
	EndGlobalSection
	GlobalSection(ProjectConfigurationPlatforms) = postSolution
		{9431AA49-B488-4ACF-9FED-F84DA6B6A0CB}.Debug|Any CPU.ActiveCfg = Debug|Any CPU
		{9431AA49-B488-4ACF-9FED-F84DA6B6A0CB}.Debug|Any CPU.Build.0 = Debug|Any CPU
		{9431AA49-B488-4ACF-9FED-F84DA6B6A0CB}.Release|Any CPU.ActiveCfg = Release|Any CPU
		{9431AA49-B488-4ACF-9FED-F84DA6B6A0CB}.Release|Any CPU.Build.0 = Release|Any CPU
		{3825985E-1E20-4BBE-B5A2-E1D26731F55C}.Debug|Any CPU.ActiveCfg = Debug|Any CPU
		{3825985E-1E20-4BBE-B5A2-E1D26731F55C}.Debug|Any CPU.Build.0 = Debug|Any CPU
		{3825985E-1E20-4BBE-B5A2-E1D26731F55C}.Release|Any CPU.ActiveCfg = Release|Any CPU
		{3825985E-1E20-4BBE-B5A2-E1D26731F55C}.Release|Any CPU.Build.0 = Release|Any CPU
	EndGlobalSection
	GlobalSection(SolutionProperties) = preSolution
		HideSolutionNode = FALSE
	EndGlobalSection
	GlobalSection(ExtensibilityGlobals) = postSolution
		SolutionGuid = {FC742B20-2A94-4510-ACCD-FC60E3A6B6F0}
	EndGlobalSection
EndGlobal
